{
  "name": "video-editing-workspace",
  "lockfileVersion": 3,
  "requires": true,
  "packages": {
    "": {
      "name": "video-editing-workspace",
      "dependencies": {
        "premiere-pro-mcp": "1.19.1"
      },
      "engines": {
        "node": ">=20.19.0"
      }
    },
    "node_modules/@hono/node-server": {
      "version": "1.19.17",
      "resolved": "https://registry.npmjs.org/@hono/node-server/-/node-server-1.19.17.tgz",
      "integrity": "sha512-dSneS5qhiauZWGDCeK4o695Xd9nUNjviSZCMQrj10eetr8Uln1ucn6bbphOM6UynAMMtNIzZNSpL9vnASJwrPQ==",
      "license": "MIT",
      "engines": {
        "node": ">=18.14.1"
      },
      "peerDependencies": {
        "hono": "^4"
      }
    },
    "node_modules/@modelcontextprotocol/core": {
      "version": "2.3.1",
      "resolved": "https://registry.npmjs.org/@modelcontextprotocol/core/-/core-2.3.1.tgz",
      "integrity": "sha512-laVmIhPGpWi7rG9q+0UigblRN0Hws/Yjlb6qLFtVqryXVLkc4h+yN8z731POD2LnAGQlFe7/tXhUm7Bi0YB91g==",
      "license": "Apache-2.0",
      "dependencies": {
        "zod": "^4.2.0"
      },
      "engines": {
        "node": ">=20"
      }
    },
    "node_modules/@modelcontextprotocol/node": {
      "version": "2.1.1",
      "resolved": "https://registry.npmjs.org/@modelcontextprotocol/node/-/node-2.1.1.tgz",
      "integrity": "sha512-EY92OAXN2xYL7tNS/MVsWJW1v8VHAPwl9B4Ca3pCrjmvqyC+S1C/6UHsMxF2GoFPraS5Yyg56vFz9brVpFojMA==",
      "license": "Apache-2.0",
      "dependencies": {
        "@hono/node-server": "^1.19.9",
        "hono": "^4.11.4"
      },
      "engines": {
        "node": ">=20"
      },
      "peerDependencies": {
        "@modelcontextprotocol/server": "^2.3.0"
      }
    },
    "node_modules/@modelcontextprotocol/server": {
      "version": "2.3.1",
      "resolved": "https://registry.npmjs.org/@modelcontextprotocol/server/-/server-2.3.1.tgz",
      "integrity": "sha512-e59MfWuSssj6DoQ96JCTqdW1AXT5/XtnTl0WWd6MU1Ka434fFUGGosCLJbGNySDhHGvxQWoRWK137FXYFkYNWw==",
      "license": "Apache-2.0",
      "dependencies": {
        "@modelcontextprotocol/core": "2.3.1",
        "zod": "^4.2.0"
      },
      "engines": {
        "node": ">=20"
      }
    },
    "node_modules/@posthog/core": {
      "version": "1.55.2",
      "resolved": "https://registry.npmjs.org/@posthog/core/-/core-1.55.2.tgz",
      "integrity": "sha512-2mYxGbDmTLUs096VbcZqSWo0lrI48/BrX65r54NynxxFq409BOx9w73HxOAtOKZ1vblkdV6/GxQTe7KDcIQidg==",
      "license": "MIT",
      "dependencies": {
        "@posthog/types": "^1.412.4"
      }
    },
    "node_modules/@posthog/types": {
      "version": "1.412.4",
      "resolved": "https://registry.npmjs.org/@posthog/types/-/types-1.412.4.tgz",
      "integrity": "sha512-Q7lV9O9TbLngjOYw1ucm3bS3tn48xb1B4ZQdDy8gv7yfKe99hCTeWYG4xZ36nJM80VxpTF9TriiJt5hngDOkBg==",
      "license": "MIT"
    },
    "node_modules/hono": {
      "version": "4.13.13",
      "resolved": "https://registry.npmjs.org/hono/-/hono-4.13.13.tgz",
      "integrity": "sha512-CQ46U0ZkAGmbT/4UxdzzGJpacP2IeKgY4a5/tOI9AABbpOMfK739wfDXmv1usCk+3RkKj1hQy4/fjhiwa2xlrA==",
      "license": "MIT",
      "engines": {
        "node": ">=16.9.0"
      }
    },
    "node_modules/jose": {
      "version": "6.2.12",
      "resolved": "https://registry.npmjs.org/jose/-/jose-6.2.12.tgz",
      "integrity": "sha512-9NiFmJEex0sy2Dk58j2UGBSHgUs2ypF9eZSu4L6vjOX3Dp96Sw1F3uL+H+D1sx02jZZdzUT0HgvCy59CuvXcWw==",
      "license": "MIT",
      "funding": {
        "url": "https://github.com/sponsors/panva"
      }
    },
    "node_modules/posthog-node": {
      "version": "5.54.1",
      "resolved": "https://registry.npmjs.org/posthog-node/-/posthog-node-5.54.1.tgz",
      "integrity": "sha512-3+tg86gLKRaR+MjQOdALGUJQDAXHWVyDUJI2h3EJa0c4GWTQu3+R62C3t49dz1T3QWyJq1msq5Qa+B55/ZEHxg==",
      "license": "MIT",
      "dependencies": {
        "@posthog/core": "^1.55.2"
      },
      "engines": {
        "node": "^20.20.0 || >=22.22.0"
      },
      "peerDependencies": {
        "rxjs": "^7.0.0"
      },
      "peerDependenciesMeta": {
        "rxjs": {
          "optional": true
        }
      }
    },
    "node_modules/premiere-pro-mcp": {
      "version": "1.19.1",
      "resolved": "https://registry.npmjs.org/premiere-pro-mcp/-/premiere-pro-mcp-1.19.1.tgz",
      "integrity": "sha512-90qhVT0PNR0aPgchafkvPJjqwvczR5FRTgmrxTaTlF/tmS4aRst/V4a2Es6ehNMn7782dpnZaQjPG8wAU6xvTg==",
      "license": "MIT",
      "dependencies": {
        "@modelcontextprotocol/node": "^2.1.0",
        "@modelcontextprotocol/server": "^2.0.0",
        "@posthog/core": "1.55.2",
        "@posthog/types": "1.412.4",
        "jose": "^6.2.10",
        "posthog-node": "5.54.1",
        "ws": "^8.22.0",
        "zod": "^4.4.3"
      },
      "bin": {
        "premiere-pro-mcp": "dist/index.js"
      },
      "engines": {
        "node": ">=20.19.0"
      },
      "funding": {
        "type": "buymeacoffee",
        "url": "https://buymeacoffee.com/leancoderkavy"
      }
    },
    "node_modules/ws": {
      "version": "8.22.0",
      "resolved": "https://registry.npmjs.org/ws/-/ws-8.22.0.tgz",
      "integrity": "sha512-Ydggc987+RO0AnWtZ/7Wq9FtNvcrL1b/RO0ud9mWjUPgDrsAAwQSF51sm2hm1XofbU/4jkpGEsLFsZZxU+1DOg==",
      "license": "MIT",
      "engines": {
        "node": ">=10.0.0"
      },
      "peerDependencies": {
        "bufferutil": "^4.0.1",
        "utf-8-validate": ">=5.0.2"
      },
      "peerDependenciesMeta": {
        "bufferutil": {
          "optional": true
        },
        "utf-8-validate": {
          "optional": true
        }
      }
    },
    "node_modules/zod": {
      "version": "4.6.5",
      "resolved": "https://registry.npmjs.org/zod/-/zod-4.6.5.tgz",
      "integrity": "sha512-v5l/aFXZQeai4awLbOpSoHecE9UiMrnfx75tEXLjNonXVARxQ5mOeipTjROUchszUNCqnE+hqAMujRsRHsut2Q==",
      "license": "MIT",
      "funding": {
        "url": "https://github.com/sponsors/colinhacks"
      }
    }
  }
}
